<?xml version="1.0" encoding="utf-8"?>
<Project ToolsVersion="4.0" xmlns="http://schemas.microsoft.com/developer/msbuild/2003">
  <ItemGroup>
    <Filter Include="win32">
      <UniqueIdentifier>{84a8ebd7-7cf0-47f6-b75e-d441df67da40}</UniqueIdentifier>
    </Filter>
    <Filter Include="resource">
      <UniqueIdentifier>{715254bc-d70b-4ec5-bf29-467dd3ace079}</UniqueIdentifier>
    </Filter>
    <Filter Include="src">
      <UniqueIdentifier>{bb6c862e-70e9-49d9-81b7-3829a6f50471}</UniqueIdentifier>
    </Filter>
  </ItemGroup>
  <ItemGroup>
    <ClCompile Include="main.cpp">
      <Filter>win32</Filter>
    </ClCompile>
    <ClCompile Include="..\Classes\AppDelegate.cpp">
      <Filter>src</Filter>
    </ClCompile>
    <ClCompile Include="..\Classes\MainScene.cpp">
      <Filter>src</Filter>
    </ClCompile>
    <ClCompile Include="..\Classes\Stage.cpp">
      <Filter>src</Filter>
    </ClCompile>
    <ClCompile Include="..\Classes\Player.cpp">
      <Filter>src</Filter>
    </ClCompile>
    <ClCompile Include="..\Classes\Magic.cpp">
      <Filter>src</Filter>
    </ClCompile>
    <ClCompile Include="..\Classes\Blocks.cpp">
      <Filter>src</Filter>
    </ClCompile>
    <ClCompile Include="..\Classes\TitleScene.cpp">
      <Filter>src</Filter>
    </ClCompile>
    <ClCompile Include="..\Classes\AudioManager.cpp">
      <Filter>src</Filter>
    </ClCompile>
    <ClCompile Include="..\Classes\clearScene.cpp">
      <Filter>src</Filter>
    </ClCompile>
  </ItemGroup>
  <ItemGroup>
    <ClInclude Include="main.h">
      <Filter>win32</Filter>
    </ClInclude>
    <ClInclude Include="..\Classes\AppDelegate.h">
      <Filter>src</Filter>
    </ClInclude>
    <ClInclude Include="..\Classes\MainScene.h">
      <Filter>src</Filter>
    </ClInclude>
    <ClInclude Include="..\Classes\Stage.h">
      <Filter>src</Filter>
    </ClInclude>
    <ClInclude Include="..\Classes\Player.h">
      <Filter>src</Filter>
    </ClInclude>
    <ClInclude Include="..\Classes\Magic.h">
      <Filter>src</Filter>
    </ClInclude>
    <ClInclude Include="..\Classes\Blocks.h">
      <Filter>src</Filter>
    </ClInclude>
    <ClInclude Include="..\Classes\TitleScene.h">
      <Filter>src</Filter>
    </ClInclude>
    <ClInclude Include="..\Classes\AudioManager.h">
      <Filter>src</Filter>
    </ClInclude>
    <ClInclude Include="..\Classes\clearScene.h">
      <Filter>src</Filter>
    </ClInclude>
  </ItemGroup>
  <ItemGroup>
    <ResourceCompile Include="game.rc">
      <Filter>resource</Filter>
    </ResourceCompile>
  </ItemGroup>
  <ItemGroup>
    <Image Include="..\Resources\graphics\cloud.png">
      <Filter>resource</Filter>
    </Image>
    <Image Include="..\Resources\graphics\game.ico">
      <Filter>resource</Filter>
    </Image>
    <Image Include="..\Resources\graphics\mapchip_00.png">
      <Filter>resource</Filter>
    </Image>
    <Image Include="..\Resources\graphics\sky.png">
      <Filter>resource</Filter>
    </Image>
    <Image Include="..\Resources\graphics\luk_sprite.png">
      <Filter>resource</Filter>
    </Image>
    <Image Include="..\Resources\graphics\white.png">
      <Filter>resource</Filter>
    </Image>
    <Image Include="..\Resources\graphics\mmm_logo.png">
      <Filter>resource</Filter>
    </Image>
    <Image Include="..\Resources\graphics\clear_next.png">
      <Filter>resource</Filter>
    </Image>
    <Image Include="..\Resources\graphics\clear_title.png">
      <Filter>resource</Filter>
    </Image>
    <Image Include="..\Resources\graphics\ESC.png">
      <Filter>resource</Filter>
    </Image>
    <Image Include="..\Resources\graphics\gameclear.png">
      <Filter>resource</Filter>
    </Image>
    <Image Include="..\Resources\graphics\gameclear_2.png">
      <Filter>resource</Filter>
    </Image>
    <Image Include="..\Resources\graphics\gradient.png">
      <Filter>resource</Filter>
    </Image>
    <Image Include="..\Resources\graphics\mainguide.png">
      <Filter>resource</Filter>
    </Image>
    <Image Include="..\Resources\graphics\num.png">
      <Filter>resource</Filter>
    </Image>
    <Image Include="..\Resources\graphics\reflex.png">
      <Filter>resource</Filter>
    </Image>
    <Image Include="..\Resources\graphics\Retry.png">
      <Filter>resource</Filter>
    </Image>
    <Image Include="..\Resources\graphics\stage.png">
      <Filter>resource</Filter>
    </Image>
    <Image Include="..\Resources\graphics\titleguide.png">
      <Filter>resource</Filter>
    </Image>
    <Image Include="..\Resources\graphics\wave.png">
      <Filter>resource</Filter>
    </Image>
  </ItemGroup>
  <ItemGroup>
    <None Include="..\Resources\graphics\stage1.tmx">
      <Filter>resource</Filter>
    </None>
    <None Include="..\Resources\graphics\stage2.tmx">
      <Filter>resource</Filter>
    </None>
    <None Include="..\Resources\graphics\ground2.tmx">
      <Filter>resource</Filter>
    </None>
    <None Include="..\Resources\graphics\stage3.tmx">
      <Filter>resource</Filter>
    </None>
    <None Include="..\Resources\graphics\stage4.tmx">
      <Filter>resource</Filter>
    </None>
    <None Include="..\Resources\graphics\stage5.tmx">
      <Filter>resource</Filter>
    </None>
    <None Include="..\Resources\graphics\stage6.tmx">
      <Filter>resource</Filter>
    </None>
    <None Include="..\Resources\graphics\stage7.tmx">
      <Filter>resource</Filter>
    </None>
    <None Include="..\Resources\graphics\stage8.tmx">
      <Filter>resource</Filter>
    </None>
    <None Include="..\Resources\graphics\stage9.tmx">
      <Filter>resource</Filter>
    </None>
    <None Include="..\Resources\graphics\stage10.tmx">
      <Filter>resource</Filter>
    </None>
    <None Include="..\Resources\graphics\stage11.tmx">
      <Filter>resource</Filter>
    </None>
    <None Include="..\Resources\graphics\stage12.tmx">
      <Filter>resource</Filter>
    </None>
    <None Include="..\Resources\graphics\stage13.tmx">
      <Filter>resource</Filter>
    </None>
    <None Include="..\Resources\graphics\stage14.tmx">
      <Filter>resource</Filter>
    </None>
    <None Include="..\Resources\graphics\stage15.tmx">
      <Filter>resource</Filter>
    </None>
    <None Include="..\Resources\graphics\stage16.tmx">
      <Filter>resource</Filter>
    </None>
    <None Include="..\Resources\graphics\stage17.tmx">
      <Filter>resource</Filter>
    </None>
    <None Include="..\Resources\graphics\stage18.tmx">
      <Filter>resource</Filter>
    </None>
    <None Include="..\Resources\graphics\stage20.tmx">
      <Filter>resource</Filter>
    </None>
  </ItemGroup>
  <ItemGroup>
    <Media Include="..\Resources\sounds\title_bgm.wav">
      <Filter>resource</Filter>
    </Media>
    <Media Include="..\Resources\sounds\main_bgm.mp3">
      <Filter>resource</Filter>
    </Media>
    <Media Include="..\Resources\sounds\se_cancel.mp3">
      <Filter>resource</Filter>
    </Media>
    <Media Include="..\Resources\sounds\se_clear.mp3">
      <Filter>resource</Filter>
    </Media>
    <Media Include="..\Resources\sounds\se_mirror.mp3">
      <Filter>resource</Filter>
    </Media>
    <Media Include="..\Resources\sounds\se_ok.mp3">
      <Filter>resource</Filter>
    </Media>
    <Media Include="..\Resources\sounds\se_pause.mp3">
      <Filter>resource</Filter>
    </Media>
    <Media Include="..\Resources\sounds\title_bgm.mp3">
      <Filter>resource</Filter>
    </Media>
  </ItemGroup>
</Project>